# THIS IS AN AUTOGENERATED FILE. DO NOT EDIT THIS FILE DIRECTLY.
# yarn lockfile v1


ansi-regex@^2.0.0:
  version "2.1.1"
  resolved "https://registry.yarnpkg.com/ansi-regex/-/ansi-regex-2.1.1.tgz#c3b33ab5ee360d86e0e628f0468ae7ef27d654df"

ansi-styles@^2.2.1:
  version "2.2.1"
  resolved "https://registry.yarnpkg.com/ansi-styles/-/ansi-styles-2.2.1.tgz#b432dd3358b634cf75e1e4664368240533c1ddbe"

atob-lite@^1.0.0:
  version "1.0.0"
  resolved "https://registry.yarnpkg.com/atob-lite/-/atob-lite-1.0.0.tgz#b88dca6006922b962094f7556826bab31c4a296b"

audio-buffer-list@^2.0.6:
  version "2.0.7"
  resolved "https://registry.yarnpkg.com/audio-buffer-list/-/audio-buffer-list-2.0.7.tgz#88be6e835174329552b01433025c27c7ad7cf5d6"
  dependencies:
    audio-buffer "^3.0.0"
    audio-buffer-utils "^4.1.1"
    inherits "^2.0.3"
    is-audio-buffer "^1.0.5"
    is-plain-obj "^1.1.0"
    negative-index "^1.0.2"
    object-assign "^4.1.1"

audio-buffer-utils@^4.0.0, audio-buffer-utils@^4.1.1, audio-buffer-utils@^4.3.0:
  version "4.3.2"
  resolved "https://registry.yarnpkg.com/audio-buffer-utils/-/audio-buffer-utils-4.3.2.tgz#d555faed8d6ceeb120619e39fa691374f2103380"
  dependencies:
    audio-buffer "^3.1.1"
    audio-context "^1.0.0"
    clamp "^1.0.1"
    is-audio-buffer "^1.0.0"
    is-browser "^2.0.1"
    negative-index "^1.0.2"
    typedarray-methods "^1.0.0"

audio-buffer@^2.4.5:
  version "2.4.6"
  resolved "https://registry.yarnpkg.com/audio-buffer/-/audio-buffer-2.4.6.tgz#2f97bdb2bb9ca46d22d3b01d4334f49924eba260"
  dependencies:
    audio-context latest
    buffer-to-arraybuffer latest
    is-audio-buffer "^1.0.1"
    is-browser "^2.0.1"
    is-buffer "^1.1.0"

audio-buffer@^3.0.0, audio-buffer@^3.1.1, audio-buffer@^3.2.0:
  version "3.2.1"
  resolved "https://registry.yarnpkg.com/audio-buffer/-/audio-buffer-3.2.1.tgz#cbff2c1577fb0afc5c9232902d543b2f96dd433d"
  dependencies:
    audio-context "^1.0.0"
    buffer-to-arraybuffer latest
    is-audio-buffer "^1.0.1"
    is-browser "^2.0.1"
    is-buffer "^1.1.0"
    is-plain-obj "^1.1.0"

audio-context@^1.0.0, audio-context@latest:
  version "1.0.0"
  resolved "https://registry.yarnpkg.com/audio-context/-/audio-context-1.0.0.tgz#4b665d27963c3675c29ddc9436946ad0dca48609"
  dependencies:
    global "^4.3.1"

audio-element@^1.0.0:
  version "1.0.3"
  resolved "https://registry.yarnpkg.com/audio-element/-/audio-element-1.0.3.tgz#dd7346908da858118e7e4e673a03d92058f69c2f"

audio-generator@^2.0.3:
  version "2.1.2"
  resolved "https://registry.yarnpkg.com/audio-generator/-/audio-generator-2.1.2.tgz#94484fa1f6af947b8da03862f4dcee84b7bcd5a9"
  dependencies:
    audio-buffer "^2.4.5"
    audio-buffer-utils "^4.0.0"
    audio-through "^2.0.1"
    inherits "^2.0.1"
    pcm-util "^2.0.3"
    xtend "^4.0.0"

audio-sink@^1.0.2:
  version "1.1.6"
  resolved "https://registry.yarnpkg.com/audio-sink/-/audio-sink-1.1.6.tgz#e1454eb1378522298d2170b7cb032c33fd1f6885"
  dependencies:
    inherits "^2.0.1"
    xtend "^4.0.1"

audio-speaker@^1.2.4:
  version "1.5.0"
  resolved "https://registry.yarnpkg.com/audio-speaker/-/audio-speaker-1.5.0.tgz#49496e1a9b343d428119e2855f1184ee82d4ee53"
  dependencies:
    audio-through "^2.2.3"
    inherits "^2.0.1"
    is-audio-buffer "^1.0.1"
    object-assign "^4.1.1"
    pcm-util "^2.1.0"
    pull-stream "^3.4.5"
    web-audio-stream "^3.0.1"
  optionalDependencies:
    audio-sink "^1.0.2"
    speaker "^0.3.0"

audio-through@^2.0.1, audio-through@^2.1.0, audio-through@^2.2.3:
  version "2.2.3"
  resolved "https://registry.yarnpkg.com/audio-through/-/audio-through-2.2.3.tgz#14fc8c37b613d1c870cfaee04bf4454c28959fbf"
  dependencies:
    audio-buffer "^3.1.1"
    audio-context "^1.0.0"
    inherits "^2.0.1"
    is-audio-buffer "^1.0.1"
    is-promise "^2.1.0"
    object-assign "^4.1.1"
    pcm-util "^2.0.1"
    performance-now "^2.1.0"

autoprefixer@^6.0.3:
  version "6.7.7"
  resolved "https://registry.yarnpkg.com/autoprefixer/-/autoprefixer-6.7.7.tgz#1dbd1c835658e35ce3f9984099db00585c782014"
  dependencies:
    browserslist "^1.7.6"
    caniuse-db "^1.0.30000634"
    normalize-range "^0.1.2"
    num2fraction "^1.2.2"
    postcss "^5.2.16"
    postcss-value-parser "^3.2.3"

bindings@^1.2.1:
  version "1.2.1"
  resolved "https://registry.yarnpkg.com/bindings/-/bindings-1.2.1.tgz#14ad6113812d2d37d72e67b4cacb4bb726505f11"

browserslist@^1.7.6:
  version "1.7.7"
  resolved "https://registry.yarnpkg.com/browserslist/-/browserslist-1.7.7.tgz#0bd76704258be829b2398bb50e4b62d1a166b0b9"
  dependencies:
    caniuse-db "^1.0.30000639"
    electron-to-chromium "^1.2.7"

buffer-shims@~1.0.0:
  version "1.0.0"
  resolved "https://registry.yarnpkg.com/buffer-shims/-/buffer-shims-1.0.0.tgz#9978ce317388c649ad8793028c3477ef044a8b51"

buffer-to-arraybuffer@latest:
  version "0.0.4"
  resolved "https://registry.yarnpkg.com/buffer-to-arraybuffer/-/buffer-to-arraybuffer-0.0.4.tgz#f3e5e3f6f2632c71e7cdebe76ed1718fad421d4c"

caniuse-db@^1.0.30000634, caniuse-db@^1.0.30000639:
  version "1.0.30000670"
  resolved "https://registry.yarnpkg.com/caniuse-db/-/caniuse-db-1.0.30000670.tgz#90d33b79e3090e25829c311113c56d6b1788bf43"

chalk@^1.1.3:
  version "1.1.3"
  resolved "https://registry.yarnpkg.com/chalk/-/chalk-1.1.3.tgz#a8115c55e4a702fe4d150abd3872822a7e09fc98"
  dependencies:
    ansi-styles "^2.2.1"
    escape-string-regexp "^1.0.2"
    has-ansi "^2.0.0"
    strip-ansi "^3.0.0"
    supports-color "^2.0.0"

clamp@^1.0.1:
  version "1.0.1"
  resolved "https://registry.yarnpkg.com/clamp/-/clamp-1.0.1.tgz#66a0e64011816e37196828fdc8c8c147312c8634"

core-util-is@~1.0.0:
  version "1.0.2"
  resolved "https://registry.yarnpkg.com/core-util-is/-/core-util-is-1.0.2.tgz#b5fd54220aa2bc5ab57aab7140c940754503c1a7"

data-uri-regex@^0.1.2:
  version "0.1.4"
  resolved "https://registry.yarnpkg.com/data-uri-regex/-/data-uri-regex-0.1.4.tgz#1e1db6c8397eca8a48ecdb55ad1b927ec0bbac2e"

debug@^2.2.0:
  version "2.6.6"
  resolved "https://registry.yarnpkg.com/debug/-/debug-2.6.6.tgz#a9fa6fbe9ca43cf1e79f73b75c0189cbb7d6db5a"
  dependencies:
    ms "0.7.3"

dom-walk@^0.1.0:
  version "0.1.1"
  resolved "https://registry.yarnpkg.com/dom-walk/-/dom-walk-0.1.1.tgz#672226dc74c8f799ad35307df936aba11acd6018"

electron-to-chromium@^1.2.7:
  version "1.3.10"
  resolved "https://registry.yarnpkg.com/electron-to-chromium/-/electron-to-chromium-1.3.10.tgz#63d62b785471f0d8dda85199d64579de8a449f08"

escape-string-regexp@^1.0.2:
  version "1.0.5"
  resolved "https://registry.yarnpkg.com/escape-string-regexp/-/escape-string-regexp-1.0.5.tgz#1b61c0562190a8dff6ae3bb2cf0200ca130b86d4"

global@^4.3.1:
  version "4.3.2"
  resolved "https://registry.yarnpkg.com/global/-/global-4.3.2.tgz#e76989268a6c74c38908b1305b10fc0e394e9d0f"
  dependencies:
    min-document "^2.19.0"
    process "~0.5.1"

has-ansi@^2.0.0:
  version "2.0.0"
  resolved "https://registry.yarnpkg.com/has-ansi/-/has-ansi-2.0.0.tgz#34f5049ce1ecdf2b0649af3ef24e45ed35416d91"
  dependencies:
    ansi-regex "^2.0.0"

has-flag@^1.0.0:
  version "1.0.0"
  resolved "https://registry.yarnpkg.com/has-flag/-/has-flag-1.0.0.tgz#9d9e793165ce017a00f00418c43f942a7b1d11fa"

inherits@^2.0.1, inherits@^2.0.3, inherits@~2.0.1:
  version "2.0.3"
  resolved "https://registry.yarnpkg.com/inherits/-/inherits-2.0.3.tgz#633c2c83e3da42a502f52466022480f4208261de"

is-audio-buffer@^1.0.0, is-audio-buffer@^1.0.1, is-audio-buffer@^1.0.5:
  version "1.0.8"
  resolved "https://registry.yarnpkg.com/is-audio-buffer/-/is-audio-buffer-1.0.8.tgz#03e438e2b7e31eb0f383297c628a5f8f71ee81be"
  dependencies:
    audio-buffer "^3.2.0"

is-browser@^2.0.1:
  version "2.0.1"
  resolved "https://registry.yarnpkg.com/is-browser/-/is-browser-2.0.1.tgz#8bf0baf799a9c62fd9de5bcee4cf3397c3e7529a"

is-buffer@^1.1.0:
  version "1.1.5"
  resolved "https://registry.yarnpkg.com/is-buffer/-/is-buffer-1.1.5.tgz#1f3b26ef613b214b88cbca23cc6c01d87961eecc"

is-data-uri@^0.1.0:
  version "0.1.0"
  resolved "https://registry.yarnpkg.com/is-data-uri/-/is-data-uri-0.1.0.tgz#46ee67b63c18c1ffa0bd4dfab2cd2c81c728237f"
  dependencies:
    data-uri-regex "^0.1.2"

is-negative-zero@^2.0.0:
  version "2.0.0"
  resolved "https://registry.yarnpkg.com/is-negative-zero/-/is-negative-zero-2.0.0.tgz#9553b121b0fac28869da9ed459e20c7543788461"

is-plain-obj@^1.1.0:
  version "1.1.0"
  resolved "https://registry.yarnpkg.com/is-plain-obj/-/is-plain-obj-1.1.0.tgz#71a50c8429dfca773c92a390a4a03b39fcd51d3e"

is-promise@^2.1.0:
  version "2.1.0"
  resolved "https://registry.yarnpkg.com/is-promise/-/is-promise-2.1.0.tgz#79a2a9ece7f096e80f36d2b2f3bc16c1ff4bf3fa"

isarray@~1.0.0:
  version "1.0.0"
  resolved "https://registry.yarnpkg.com/isarray/-/isarray-1.0.0.tgz#bb935d48582cba168c06834957a54a3e07124f11"

js-base64@^2.1.9:
  version "2.1.9"
  resolved "https://registry.yarnpkg.com/js-base64/-/js-base64-2.1.9.tgz#f0e80ae039a4bd654b5f281fc93f04a914a7fcce"

min-document@^2.19.0:
  version "2.19.0"
  resolved "https://registry.yarnpkg.com/min-document/-/min-document-2.19.0.tgz#7bd282e3f5842ed295bb748cdd9f1ffa2c824685"
  dependencies:
    dom-walk "^0.1.0"

ms@0.7.3:
  version "0.7.3"
  resolved "https://registry.yarnpkg.com/ms/-/ms-0.7.3.tgz#708155a5e44e33f5fd0fc53e81d0d40a91be1fff"

nan@^2.2.0:
  version "2.6.2"
  resolved "https://registry.yarnpkg.com/nan/-/nan-2.6.2.tgz#e4ff34e6c95fdfb5aecc08de6596f43605a7db45"

negative-index@^1.0.2:
  version "1.0.2"
  resolved "https://registry.yarnpkg.com/negative-index/-/negative-index-1.0.2.tgz#bb0b349f9de80879326cfa54c56fb6b67ca4788d"
  dependencies:
    is-negative-zero "^2.0.0"

normalize-range@^0.1.2:
  version "0.1.2"
  resolved "https://registry.yarnpkg.com/normalize-range/-/normalize-range-0.1.2.tgz#2d10c06bdfd312ea9777695a4d28439456b75942"

num2fraction@^1.2.2:
  version "1.2.2"
  resolved "https://registry.yarnpkg.com/num2fraction/-/num2fraction-1.2.2.tgz#6f682b6a027a4e9ddfa4564cd2589d1d4e669ede"

object-assign@^4.1.1:
  version "4.1.1"
  resolved "https://registry.yarnpkg.com/object-assign/-/object-assign-4.1.1.tgz#2109adc7965887cfc05cbbd442cac8bfbb360863"

pcm-util@^2.0.1, pcm-util@^2.0.3, pcm-util@^2.1.0:
  version "2.1.0"
  resolved "https://registry.yarnpkg.com/pcm-util/-/pcm-util-2.1.0.tgz#51ace46b09e0117fb92f654f632dcb2ed9c86065"
  dependencies:
    audio-buffer "^3.0.0"
    is-audio-buffer "^1.0.1"
    is-buffer "^1.1.0"
    to-array-buffer "^1.0.0"

performance-now@^2.1.0:
  version "2.1.0"
  resolved "https://registry.yarnpkg.com/performance-now/-/performance-now-2.1.0.tgz#6309f4e0e5fa913ec1c69307ae364b4b377c9e7b"

postcss-value-parser@^3.2.3:
  version "3.3.0"
  resolved "https://registry.yarnpkg.com/postcss-value-parser/-/postcss-value-parser-3.3.0.tgz#87f38f9f18f774a4ab4c8a232f5c5ce8872a9d15"

postcss@^5.2.16:
  version "5.2.17"
  resolved "https://registry.yarnpkg.com/postcss/-/postcss-5.2.17.tgz#cf4f597b864d65c8a492b2eabe9d706c879c388b"
  dependencies:
    chalk "^1.1.3"
    js-base64 "^2.1.9"
    source-map "^0.5.6"
    supports-color "^3.2.3"

process-nextick-args@~1.0.6:
  version "1.0.7"
  resolved "https://registry.yarnpkg.com/process-nextick-args/-/process-nextick-args-1.0.7.tgz#150e20b756590ad3f91093f25a4f2ad8bff30ba3"

process@~0.5.1:
  version "0.5.2"
  resolved "https://registry.yarnpkg.com/process/-/process-0.5.2.tgz#1638d8a8e34c2f440a91db95ab9aeb677fc185cf"

pull-stream@^3.4.4, pull-stream@^3.4.5:
  version "3.6.0"
  resolved "https://registry.yarnpkg.com/pull-stream/-/pull-stream-3.6.0.tgz#59d033a6815d4e3097d47c3d2b1893a9e58a2351"

readable-stream@^2.0.5:
  version "2.2.9"
  resolved "https://registry.yarnpkg.com/readable-stream/-/readable-stream-2.2.9.tgz#cf78ec6f4a6d1eb43d26488cac97f042e74b7fc8"
  dependencies:
    buffer-shims "~1.0.0"
    core-util-is "~1.0.0"
    inherits "~2.0.1"
    isarray "~1.0.0"
    process-nextick-args "~1.0.6"
    string_decoder "~1.0.0"
    util-deprecate "~1.0.1"

source-map@^0.5.6:
  version "0.5.6"
  resolved "https://registry.yarnpkg.com/source-map/-/source-map-0.5.6.tgz#75ce38f52bf0733c5a7f0c118d81334a2bb5f412"

speaker@^0.3.0:
  version "0.3.0"
  resolved "https://registry.yarnpkg.com/speaker/-/speaker-0.3.0.tgz#36e0ee37e74fb88f7ead9ac9b1f1517b9b82d253"
  dependencies:
    bindings "^1.2.1"
    debug "^2.2.0"
    nan "^2.2.0"
    readable-stream "^2.0.5"

string_decoder@~1.0.0:
  version "1.0.0"
  resolved "https://registry.yarnpkg.com/string_decoder/-/string_decoder-1.0.0.tgz#f06f41157b664d86069f84bdbdc9b0d8ab281667"
  dependencies:
    buffer-shims "~1.0.0"

strip-ansi@^3.0.0:
  version "3.0.1"
  resolved "https://registry.yarnpkg.com/strip-ansi/-/strip-ansi-3.0.1.tgz#6a385fb8853d952d5ff05d0e8aaf94278dc63dcf"
  dependencies:
    ansi-regex "^2.0.0"

supports-color@^2.0.0:
  version "2.0.0"
  resolved "https://registry.yarnpkg.com/supports-color/-/supports-color-2.0.0.tgz#535d045ce6b6363fa40117084629995e9df324c7"

supports-color@^3.2.3:
  version "3.2.3"
  resolved "https://registry.yarnpkg.com/supports-color/-/supports-color-3.2.3.tgz#65ac0504b3954171d8a64946b2ae3cbb8a5f54f6"
  dependencies:
    has-flag "^1.0.0"

to-array-buffer@^1.0.0:
  version "1.2.4"
  resolved "https://registry.yarnpkg.com/to-array-buffer/-/to-array-buffer-1.2.4.tgz#7efdc3194a5a0d2b0ba93fba9d3edc33a1259473"
  dependencies:
    atob-lite "^1.0.0"
    is-audio-buffer "^1.0.1"
    is-data-uri "^0.1.0"

typedarray-methods@^1.0.0:
  version "1.0.0"
  resolved "https://registry.yarnpkg.com/typedarray-methods/-/typedarray-methods-1.0.0.tgz#d656b078a9ff6134ed193794f8e55e158204ad0d"

util-deprecate@~1.0.1:
  version "1.0.2"
  resolved "https://registry.yarnpkg.com/util-deprecate/-/util-deprecate-1.0.2.tgz#450d4dc9fa70de732762fbd2d4a28981419a0ccf"

web-audio-stream@^3.0.1:
  version "3.0.1"
  resolved "https://registry.yarnpkg.com/web-audio-stream/-/web-audio-stream-3.0.1.tgz#b11d1b1cace161ea4a098c26f6744afcadc70b0e"
  dependencies:
    audio-buffer-list "^2.0.6"
    audio-buffer-utils "^4.3.0"
    audio-context "^1.0.0"
    inherits "^2.0.1"
    is-audio-buffer "^1.0.1"
    is-plain-obj "^1.1.0"
    object-assign "^4.1.1"
    pcm-util "^2.1.0"
    pull-stream "^3.4.4"

xtend@^4.0.0, xtend@^4.0.1:
  version "4.0.1"
  resolved "https://registry.yarnpkg.com/xtend/-/xtend-4.0.1.tgz#a5c6d532be656e23db820efb943a1f04998d63af"
